// !$*UTF8*$!
{
	archiveVersion = 1;
	classes = {
	};
	objectVersion = 46;
	objects = {

/* Begin PBXBuildFile section */
		D9DB49E81D33A687004A04CB /* AppDelegate.swift in Sources */ = {isa = PBXBuildFile; fileRef = D9DB49E71D33A687004A04CB /* AppDelegate.swift */; };
		D9DB49EA1D33A687004A04CB /* ViewController.swift in Sources */ = {isa = PBXBuildFile; fileRef = D9DB49E91D33A687004A04CB /* ViewController.swift */; };
		D9DB49ED1D33A687004A04CB /* Main.storyboard in Resources */ = {isa = PBXBuildFile; fileRef = D9DB49EB1D33A687004A04CB /* Main.storyboard */; };
		D9DB49EF1D33A687004A04CB /* Assets.xcassets in Resources */ = {isa = PBXBuildFile; fileRef = D9DB49EE1D33A687004A04CB /* Assets.xcassets */; };
		D9DB49F21D33A687004A04CB /* LaunchScreen.storyboard in Resources */ = {isa = PBXBuildFile; fileRef = D9DB49F01D33A687004A04CB /* LaunchScreen.storyboard */; };
		D9DB49FD1D33A687004A04CB /* txlTests.swift in Sources */ = {isa = PBXBuildFile; fileRef = D9DB49FC1D33A687004A04CB /* txlTests.swift */; };
		D9DB4A081D33A687004A04CB /* txlUITests.swift in Sources */ = {isa = PBXBuildFile; fileRef = D9DB4A071D33A687004A04CB /* txlUITests.swift */; };
/* End PBXBuildFile section */

/* Begin PBXContainerItemProxy section */
		D9DB49F91D33A687004A04CB /* PBXContainerItemProxy */ = {
			isa = PBXContainerItemProxy;
			containerPortal = D9DB49DC1D33A687004A04CB /* Project object */;
			proxyType = 1;
			remoteGlobalIDString = D9DB49E31D33A687004A04CB;
			remoteInfo = txl;
		};
		D9DB4A041D33A687004A04CB /* PBXContainerItemProxy */ = {
			isa = PBXContainerItemProxy;
			containerPortal = D9DB49DC1D33A687004A04CB /* Project object */;
			proxyType = 1;
			remoteGlobalIDString = D9DB49E31D33A687004A04CB;
			remoteInfo = txl;
		};
/* End PBXContainerItemProxy section */

/* Begin PBXFileReference section */
		D9DB49E41D33A687004A04CB /* txl.app */ = {isa = PBXFileReference; explicitFileType = wrapper.application; includeInIndex = 0; path = txl.app; sourceTree = BUILT_PRODUCTS_DIR; };
		D9DB49E71D33A687004A04CB /* AppDelegate.swift */ = {isa = PBXFileReference; lastKnownFileType = sourcecode.swift; path = AppDelegate.swift; sourceTree = "<group>"; };
		D9DB49E91D33A687004A04CB /* ViewController.swift */ = {isa = PBXFileReference; lastKnownFileType = sourcecode.swift; path = ViewController.swift; sourceTree = "<group>"; };
		D9DB49EC1D33A687004A04CB /* Base */ = {isa = PBXFileReference; lastKnownFileType = file.storyboard; name = Base; path = Base.lproj/Main.storyboard; sourceTree = "<group>"; };
		D9DB49EE1D33A687004A04CB /* Assets.xcassets */ = {isa = PBXFileReference; lastKnownFileType = folder.assetcatalog; path = Assets.xcassets; sourceTree = "<group>"; };
		D9DB49F11D33A687004A04CB /* Base */ = {isa = PBXFileReference; lastKnownFileType = file.storyboard; name = Base; path = Base.lproj/LaunchScreen.storyboard; sourceTree = "<group>"; };
		D9DB49F31D33A687004A04CB /* Info.plist */ = {isa = PBXFileReference; lastKnownFileType = text.plist.xml; path = Info.plist; sourceTree = "<group>"; };
		D9DB49F81D33A687004A04CB /* txlTests.xctest */ = {isa = PBXFileReference; explicitFileType = wrapper.cfbundle; includeInIndex = 0; path = txlTests.xctest; sourceTree = BUILT_PRODUCTS_DIR; };
		D9DB49FC1D33A687004A04CB /* txlTests.swift */ = {isa = PBXFileReference; lastKnownFileType = sourcecode.swift; path = txlTests.swift; sourceTree = "<group>"; };
		D9DB49FE1D33A687004A04CB /* Info.plist */ = {isa = PBXFileReference; lastKnownFileType = text.plist.xml; path = Info.plist; sourceTree = "<group>"; };
		D9DB4A031D33A687004A04CB /* txlUITests.xctest */ = {isa = PBXFileReference; explicitFileType = wrapper.cfbundle; includeInIndex = 0; path = txlUITests.xctest; sourceTree = BUILT_PRODUCTS_DIR; };
		D9DB4A071D33A687004A04CB /* txlUITests.swift */ = {isa = PBXFileReference; lastKnownFileType = sourcecode.swift; path = txlUITests.swift; sourceTree = "<group>"; };
		D9DB4A091D33A687004A04CB /* Info.plist */ = {isa = PBXFileReference; lastKnownFileType = text.plist.xml; path = Info.plist; sourceTree = "<group>"; };
/* End PBXFileReference section */

/* Begin PBXFrameworksBuildPhase section */
		D9DB49E11D33A687004A04CB /* Frameworks */ = {
			isa = PBXFrameworksBuildPhase;
			buildActionMask = 2147483647;
			files = (
			);
			runOnlyForDeploymentPostprocessing = 0;
		};
		D9DB49F51D33A687004A04CB /* Frameworks */ = {
			isa = PBXFrameworksBuildPhase;
			buildActionMask = 2147483647;
			files = (
			);
			runOnlyForDeploymentPostprocessing = 0;
		};
		D9DB4A001D33A687004A04CB /* Frameworks */ = {
			isa = PBXFrameworksBuildPhase;
			buildActionMask = 2147483647;
			files = (
			);
			runOnlyForDeploymentPostprocessing = 0;
		};
/* End PBXFrameworksBuildPhase section */

/* Begin PBXGroup section */
		D9DB49DB1D33A687004A04CB = {
			isa = PBXGroup;
			children = (
				D9DB49E61D33A687004A04CB /* txl */,
				D9DB49FB1D33A687004A04CB /* txlTests */,
				D9DB4A061D33A687004A04CB /* txlUITests */,
				D9DB49E51D33A687004A04CB /* Products */,
			);
			sourceTree = "<group>";
		};
		D9DB49E51D33A687004A04CB /* Products */ = {
			isa = PBXGroup;
			children = (
				D9DB49E41D33A687004A04CB /* txl.app */,
				D9DB49F81D33A687004A04CB /* txlTests.xctest */,
				D9DB4A031D33A687004A04CB /* txlUITests.xctest */,
			);
			name = Products;
			sourceTree = "<group>";
		};
		D9DB49E61D33A687004A04CB /* txl */ = {
			isa = PBXGroup;
			children = (
				D9DB49E71D33A687004A04CB /* AppDelegate.swift */,
				D9DB49E91D33A687004A04CB /* ViewController.swift */,
				D9DB49EB1D33A687004A04CB /* Main.storyboard */,
				D9DB49EE1D33A687004A04CB /* Assets.xcassets */,
				D9DB49F01D33A687004A04CB /* LaunchScreen.storyboard */,
				D9DB49F31D33A687004A04CB /* Info.plist */,
			);
			path = txl;
			sourceTree = "<group>";
		};
		D9DB49FB1D33A687004A04CB /* txlTests */ = {
			isa = PBXGroup;
			children = (
				D9DB49FC1D33A687004A04CB /* txlTests.swift */,
				D9DB49FE1D33A687004A04CB /* Info.plist */,
			);
			path = txlTests;
			sourceTree = "<group>";
		};
		D9DB4A061D33A687004A04CB /* txlUITests */ = {
			isa = PBXGroup;
			children = (
				D9DB4A071D33A687004A04CB /* txlUITests.swift */,
				D9DB4A091D33A687004A04CB /* Info.plist */,
			);
			path = txlUITests;
			sourceTree = "<group>";
		};
/* End PBXGroup section */

/* Begin PBXNativeTarget section */
		D9DB49E31D33A687004A04CB /* txl */ = {
			isa = PBXNativeTarget;
			buildConfigurationList = D9DB4A0C1D33A687004A04CB /* Build configuration list for PBXNativeTarget "txl" */;
			buildPhases = (
				D9DB49E01D33A687004A04CB /* Sources */,
				D9DB49E11D33A687004A04CB /* Frameworks */,
				D9DB49E21D33A687004A04CB /* Resources */,
			);
			buildRules = (
			);
			dependencies = (
			);
			name = txl;
			productName = txl;
			productReference = D9DB49E41D33A687004A04CB /* txl.app */;
			productType = "com.apple.product-type.application";
		};
		D9DB49F71D33A687004A04CB /* txlTests */ = {
			isa = PBXNativeTarget;
			buildConfigurationList = D9DB4A0F1D33A687004A04CB /* Build configuration list for PBXNativeTarget "txlTests" */;
			buildPhases = (
				D9DB49F41D33A687004A04CB /* Sources */,
				D9DB49F51D33A687004A04CB /* Frameworks */,
				D9DB49F61D33A687004A04CB /* Resources */,
			);
			buildRules = (
			);
			dependencies = (
				D9DB49FA1D33A687004A04CB /* PBXTargetDependency */,
			);
			name = txlTests;
			productName = txlTests;
			productReference = D9DB49F81D33A687004A04CB /* txlTests.xctest */;
			productType = "com.apple.product-type.bundle.unit-test";
		};
		D9DB4A021D33A687004A04CB /* txlUITests */ = {
			isa = PBXNativeTarget;
			buildConfigurationList = D9DB4A121D33A687004A04CB /* Build configuration list for PBXNativeTarget "txlUITests" */;
			buildPhases = (
				D9DB49FF1D33A687004A04CB /* Sources */,
				D9DB4A001D33A687004A04CB /* Frameworks */,
				D9DB4A011D33A687004A04CB /* Resources */,
			);
			buildRules = (
			);
			dependencies = (
				D9DB4A051D33A687004A04CB /* PBXTargetDependency */,
			);
			name = txlUITests;
			productName = txlUITests;
			productReference = D9DB4A031D33A687004A04CB /* txlUITests.xctest */;
			productType = "com.apple.product-type.bundle.ui-testing";
		};
/* End PBXNativeTarget section */

/* Begin PBXProject section */
		D9DB49DC1D33A687004A04CB /* Project object */ = {
			isa = PBXProject;
			attributes = {
				LastSwiftUpdateCheck = 0730;
				LastUpgradeCheck = 0730;
				ORGANIZATIONNAME = "陆天明";
				TargetAttributes = {
					D9DB49E31D33A687004A04CB = {
						CreatedOnToolsVersion = 7.3.1;
					};
					D9DB49F71D33A687004A04CB = {
						CreatedOnToolsVersion = 7.3.1;
						TestTargetID = D9DB49E31D33A687004A04CB;
					};
					D9DB4A021D33A687004A04CB = {
						CreatedOnToolsVersion = 7.3.1;
						TestTargetID = D9DB49E31D33A687004A04CB;
					};
				};
			};
			buildConfigurationList = D9DB49DF1D33A687004A04CB /* Build configuration list for PBXProject "txl" */;
			compatibilityVersion = "Xcode 3.2";
			developmentRegion = English;
			hasScannedForEncodings = 0;
			knownRegions = (
				en,
				Base,
			);
			mainGroup = D9DB49DB1D33A687004A04CB;
			productRefGroup = D9DB49E51D33A687004A04CB /* Products */;
			projectDirPath = "";
			projectRoot = "";
			targets = (
				D9DB49E31D33A687004A04CB /* txl */,
				D9DB49F71D33A687004A04CB /* txlTests */,
				D9DB4A021D33A687004A04CB /* txlUITests */,
			);
		};
/* End PBXProject section */

/* Begin PBXResourcesBuildPhase section */
		D9DB49E21D33A687004A04CB /* Resources */ = {
			isa = PBXResourcesBuildPhase;
			buildActionMask = 2147483647;
			files = (
				D9DB49F21D33A687004A04CB /* LaunchScreen.storyboard in Resources */,
				D9DB49EF1D33A687004A04CB /* Assets.xcassets in Resources */,
				D9DB49ED1D33A687004A04CB /* Main.storyboard in Resources */,
			);
			runOnlyForDeploymentPostprocessing = 0;
		};
		D9DB49F61D33A687004A04CB /* Resources */ = {
			isa = PBXResourcesBuildPhase;
			buildActionMask = 2147483647;
			files = (
			);
			runOnlyForDeploymentPostprocessing = 0;
		};
		D9DB4A011D33A687004A04CB /* Resources */ = {
			isa = PBXResourcesBuildPhase;
			buildActionMask = 2147483647;
			files = (
			);
			runOnlyForDeploymentPostprocessing = 0;
		};
/* End PBXResourcesBuildPhase section */

/* Begin PBXSourcesBuildPhase section */
		D9DB49E01D33A687004A04CB /* Sources */ = {
			isa = PBXSourcesBuildPhase;
			buildActionMask = 2147483647;
			files = (
				D9DB49EA1D33A687004A04CB /* ViewController.swift in Sources */,
				D9DB49E81D33A687004A04CB /* AppDelegate.swift in Sources */,
			);
			runOnlyForDeploymentPostprocessing = 0;
		};
		D9DB49F41D33A687004A04CB /* Sources */ = {
			isa = PBXSourcesBuildPhase;
			buildActionMask = 2147483647;
			files = (
				D9DB49FD1D33A687004A04CB /* txlTests.swift in Sources */,
			);
			runOnlyForDeploymentPostprocessing = 0;
		};
		D9DB49FF1D33A687004A04CB /* Sources */ = {
			isa = PBXSourcesBuildPhase;
			buildActionMask = 2147483647;
			files = (
				D9DB4A081D33A687004A04CB /* txlUITests.swift in Sources */,
			);
			runOnlyForDeploymentPostprocessing = 0;
		};
/* End PBXSourcesBuildPhase section */

/* Begin PBXTargetDependency section */
		D9DB49FA1D33A687004A04CB /* PBXTargetDependency */ = {
			isa = PBXTargetDependency;
			target = D9DB49E31D33A687004A04CB /* txl */;
			targetProxy = D9DB49F91D33A687004A04CB /* PBXContainerItemProxy */;
		};
		D9DB4A051D33A687004A04CB /* PBXTargetDependency */ = {
			isa = PBXTargetDependency;
			target = D9DB49E31D33A687004A04CB /* txl */;
			targetProxy = D9DB4A041D33A687004A04CB /* PBXContainerItemProxy */;
		};
/* End PBXTargetDependency section */

/* Begin PBXVariantGroup section */
		D9DB49EB1D33A687004A04CB /* Main.storyboard */ = {
			isa = PBXVariantGroup;
			children = (
				D9DB49EC1D33A687004A04CB /* Base */,
			);
			name = Main.storyboard;
			sourceTree = "<group>";
		};
		D9DB49F01D33A687004A04CB /* LaunchScreen.storyboard */ = {
			isa = PBXVariantGroup;
			children = (
				D9DB49F11D33A687004A04CB /* Base */,
			);
			name = LaunchScreen.storyboard;
			sourceTree = "<group>";
		};
/* End PBXVariantGroup section */

/* Begin XCBuildConfiguration section */
		D9DB4A0A1D33A687004A04CB /* Debug */ = {
			isa = XCBuildConfiguration;
			buildSettings = {
				ALWAYS_SEARCH_USER_PATHS = NO;
				CLANG_ANALYZER_NONNULL = YES;
				CLANG_CXX_LANGUAGE_STANDARD = "gnu++0x";
				CLANG_CXX_LIBRARY = "libc++";
				CLANG_ENABLE_MODULES = YES;
				CLANG_ENABLE_OBJC_ARC = YES;
				CLANG_WARN_BOOL_CONVERSION = YES;
				CLANG_WARN_CONSTANT_CONVERSION = YES;
				CLANG_WARN_DIRECT_OBJC_ISA_USAGE = YES_ERROR;
				CLANG_WARN_EMPTY_BODY = YES;
				CLANG_WARN_ENUM_CONVERSION = YES;
				CLANG_WARN_INT_CONVERSION = YES;
				CLANG_WARN_OBJC_ROOT_CLASS = YES_ERROR;
				CLANG_WARN_UNREACHABLE_CODE = YES;
				CLANG_WARN__DUPLICATE_METHOD_MATCH = YES;
				"CODE_SIGN_IDENTITY[sdk=iphoneos*]" = "iPhone Developer";
				COPY_PHASE_STRIP = NO;
				DEBUG_INFORMATION_FORMAT = dwarf;
				ENABLE_STRICT_OBJC_MSGSEND = YES;
				ENABLE_TESTABILITY = YES;
				GCC_C_LANGUAGE_STANDARD = gnu99;
				GCC_DYNAMIC_NO_PIC = NO;
				GCC_NO_COMMON_BLOCKS = YES;
				GCC_OPTIMIZATION_LEVEL = 0;
				GCC_PREPROCESSOR_DEFINITIONS = (
					"DEBUG=1",
					"$(inherited)",
				);
				GCC_WARN_64_TO_32_BIT_CONVERSION = YES;
				GCC_WARN_ABOUT_RETURN_TYPE = YES_ERROR;
				GCC_WARN_UNDECLARED_SELECTOR = YES;
				GCC_WARN_UNINITIALIZED_AUTOS = YES_AGGRESSIVE;
				GCC_WARN_UNUSED_FUNCTION = YES;
				GCC_WARN_UNUSED_VARIABLE = YES;
				IPHONEOS_DEPLOYMENT_TARGET = 9.3;
				MTL_ENABLE_DEBUG_INFO = YES;
				ONLY_ACTIVE_ARCH = YES;
				SDKROOT = iphoneos;
				SWIFT_OPTIMIZATION_LEVEL = "-Onone";
				TARGETED_DEVICE_FAMILY = "1,2";
			};
			name = Debug;
		};
		D9DB4A0B1D33A687004A04CB /* Release */ = {
			isa = XCBuildConfiguration;
			buildSettings = {
				ALWAYS_SEARCH_USER_PATHS = NO;
				CLANG_ANALYZER_NONNULL = YES;
				CLANG_CXX_LANGUAGE_STANDARD = "gnu++0x";
				CLANG_CXX_LIBRARY = "libc++";
				CLANG_ENABLE_MODULES = YES;
				CLANG_ENABLE_OBJC_ARC = YES;
				CLANG_WARN_BOOL_CONVERSION = YES;
				CLANG_WARN_CONSTANT_CONVERSION = YES;
				CLANG_WARN_DIRECT_OBJC_ISA_USAGE = YES_ERROR;
				CLANG_WARN_EMPTY_BODY = YES;
				CLANG_WARN_ENUM_CONVERSION = YES;
				CLANG_WARN_INT_CONVERSION = YES;
				CLANG_WARN_OBJC_ROOT_CLASS = YES_ERROR;
				CLANG_WARN_UNREACHABLE_CODE = YES;
				CLANG_WARN__DUPLICATE_METHOD_MATCH = YES;
				"CODE_SIGN_IDENTITY[sdk=iphoneos*]" = "iPhone Developer";
				COPY_PHASE_STRIP = NO;
				DEBUG_INFORMATION_FORMAT = "dwarf-with-dsym";
				ENABLE_NS_ASSERTIONS = NO;
				ENABLE_STRICT_OBJC_MSGSEND = YES;
				GCC_C_LANGUAGE_STANDARD = gnu99;
				GCC_NO_COMMON_BLOCKS = YES;
				GCC_WARN_64_TO_32_BIT_CONVERSION = YES;
				GCC_WARN_ABOUT_RETURN_TYPE = YES_ERROR;
				GCC_WARN_UNDECLARED_SELECTOR = YES;
				GCC_WARN_UNINITIALIZED_AUTOS = YES_AGGRESSIVE;
				GCC_WARN_UNUSED_FUNCTION = YES;
				GCC_WARN_UNUSED_VARIABLE = YES;
				IPHONEOS_DEPLOYMENT_TARGET = 9.3;
				MTL_ENABLE_DEBUG_INFO = NO;
				SDKROOT = iphoneos;
				TARGETED_DEVICE_FAMILY = "1,2";
				VALIDATE_PRODUCT = YES;
			};
			name = Release;
		};
		D9DB4A0D1D33A687004A04CB /* Debug */ = {
			isa = XCBuildConfiguration;
			buildSettings = {
				ASSETCATALOG_COMPILER_APPICON_NAME = AppIcon;
				INFOPLIST_FILE = txl/Info.plist;
				LD_RUNPATH_SEARCH_PATHS = "$(inherited) @executable_path/Frameworks";
				PRODUCT_BUNDLE_IDENTIFIER = imnu.edu.cn.txl;
				PRODUCT_NAME = "$(TARGET_NAME)";
			};
			name = Debug;
		};
		D9DB4A0E1D33A687004A04CB /* Release */ = {
			isa = XCBuildConfiguration;
			buildSettings = {
				ASSETCATALOG_COMPILER_APPICON_NAME = AppIcon;
				INFOPLIST_FILE = txl/Info.plist;
				LD_RUNPATH_SEARCH_PATHS = "$(inherited) @executable_path/Frameworks";
				PRODUCT_BUNDLE_IDENTIFIER = imnu.edu.cn.txl;
				PRODUCT_NAME = "$(TARGET_NAME)";
			};
			name = Release;
		};
		D9DB4A101D33A687004A04CB /* Debug */ = {
			isa = XCBuildConfiguration;
			buildSettings = {
				BUNDLE_LOADER = "$(TEST_HOST)";
				INFOPLIST_FILE = txlTests/Info.plist;
				LD_RUNPATH_SEARCH_PATHS = "$(inherited) @executable_path/Frameworks @loader_path/Frameworks";
				PRODUCT_BUNDLE_IDENTIFIER = imnu.edu.cn.txlTests;
				PRODUCT_NAME = "$(TARGET_NAME)";
				TEST_HOST = "$(BUILT_PRODUCTS_DIR)/txl.app/txl";
			};
			name = Debug;
		};
		D9DB4A111D33A687004A04CB /* Release */ = {
			isa = XCBuildConfiguration;
			buildSettings = {
				BUNDLE_LOADER = "$(TEST_HOST)";
				INFOPLIST_FILE = txlTests/Info.plist;
				LD_RUNPATH_SEARCH_PATHS = "$(inherited) @executable_path/Frameworks @loader_path/Frameworks";
				PRODUCT_BUNDLE_IDENTIFIER = imnu.edu.cn.txlTests;
				PRODUCT_NAME = "$(TARGET_NAME)";
				TEST_HOST = "$(BUILT_PRODUCTS_DIR)/txl.app/txl";
			};
			name = Release;
		};
		D9DB4A131D33A687004A04CB /* Debug */ = {
			isa = XCBuildConfiguration;
			buildSettings = {
				INFOPLIST_FILE = txlUITests/Info.plist;
				LD_RUNPATH_SEARCH_PATHS = "$(inherited) @executable_path/Frameworks @loader_path/Frameworks";
				PRODUCT_BUNDLE_IDENTIFIER = imnu.edu.cn.txlUITests;
				PRODUCT_NAME = "$(TARGET_NAME)";
				TEST_TARGET_NAME = txl;
			};
			name = Debug;
		};
		D9DB4A141D33A687004A04CB /* Release */ = {
			isa = XCBuildConfiguration;
			buildSettings = {
				INFOPLIST_FILE = txlUITests/Info.plist;
				LD_RUNPATH_SEARCH_PATHS = "$(inherited) @executable_path/Frameworks @loader_path/Frameworks";
				PRODUCT_BUNDLE_IDENTIFIER = imnu.edu.cn.txlUITests;
				PRODUCT_NAME = "$(TARGET_NAME)";
				TEST_TARGET_NAME = txl;
			};
			name = Release;
		};
/* End XCBuildConfiguration section */

/* Begin XCConfigurationList section */
		D9DB49DF1D33A687004A04CB /* Build configuration list for PBXProject "txl" */ = {
			isa = XCConfigurationList;
			buildConfigurations = (
				D9DB4A0A1D33A687004A04CB /* Debug */,
				D9DB4A0B1D33A687004A04CB /* Release */,
			);
			defaultConfigurationIsVisible = 0;
			defaultConfigurationName = Release;
		};
		D9DB4A0C1D33A687004A04CB /* Build configuration list for PBXNativeTarget "txl" */ = {
			isa = XCConfigurationList;
			buildConfigurations = (
				D9DB4A0D1D33A687004A04CB /* Debug */,
				D9DB4A0E1D33A687004A04CB /* Release */,
			);
			defaultConfigurationIsVisible = 0;
		};
		D9DB4A0F1D33A687004A04CB /* Build configuration list for PBXNativeTarget "txlTests" */ = {
			isa = XCConfigurationList;
			buildConfigurations = (
				D9DB4A101D33A687004A04CB /* Debug */,
				D9DB4A111D33A687004A04CB /* Release */,
			);
			defaultConfigurationIsVisible = 0;
		};
		D9DB4A121D33A687004A04CB /* Build configuration list for PBXNativeTarget "txlUITests" */ = {
			isa = XCConfigurationList;
			buildConfigurations = (
				D9DB4A131D33A687004A04CB /* Debug */,
				D9DB4A141D33A687004A04CB /* Release */,
			);
			defaultConfigurationIsVisible = 0;
		};
/* End XCConfigurationList section */
	};
	rootObject = D9DB49DC1D33A687004A04CB /* Project object */;
}
